
Microsoft Visual Studio Solution File, Format Version 12.00
# Visual Studio Version 17
VisualStudioVersion = 17.0.31903.59
MinimumVisualStudioVersion = 10.0.40219.1
Project("{2150E333-8FDC-42A3-9474-1A3956D46DE8}") = "src", "src", "{827E0CD3-B72D-47B6-A68D-7590B98EB39B}"
EndProject
Project("{FAE04EC0-301F-11D3-BF4B-00C04F79EFBC}") = "ResourceGraph.AppView", "src\ResourceGraph.AppView\ResourceGraph.AppView.csproj", "{51F0EADA-8A4B-494E-AD7F-7C84C8E55F5C}"
EndProject
Project("{FAE04EC0-301F-11D3-BF4B-00C04F79EFBC}") = "ResourceGraph.Aspire", "src\ResourceGraph.Aspire\ResourceGraph.Aspire.csproj", "{1323C9F5-4ABF-4F62-9676-CD17CAB1532A}"
EndProject
Project("{FAE04EC0-301F-11D3-BF4B-00C04F79EFBC}") = "ResourceGraph.AtProto", "src\ResourceGraph.AtProto\ResourceGraph.AtProto.csproj", "{F693AEC9-0101-4722-81E7-826ED61FC483}"
EndProject
Project("{FAE04EC0-301F-11D3-BF4B-00C04F79EFBC}") = "ResourceGraph.Bluesky", "src\ResourceGraph.Bluesky\ResourceGraph.Bluesky.csproj", "{5FAF9FBC-9A28-450B-9F3B-987E61CF9BFB}"
EndProject
Project("{FAE04EC0-301F-11D3-BF4B-00C04F79EFBC}") = "ResourceGraph.Cli", "src\ResourceGraph.Cli\ResourceGraph.Cli.csproj", "{A57D6B9C-5BBB-4651-BBF1-51DFAC79A968}"
EndProject
Project("{FAE04EC0-301F-11D3-BF4B-00C04F79EFBC}") = "ResourceGraph.Composition", "src\ResourceGraph.Composition\ResourceGraph.Composition.csproj", "{26F0BB60-B67D-4FD1-A35D-9C42BDA79BBB}"
EndProject
Project("{FAE04EC0-301F-11D3-BF4B-00C04F79EFBC}") = "ResourceGraph.Core", "src\ResourceGraph.Core\ResourceGraph.Core.csproj", "{1AE657AA-11DF-4EC4-BA8F-ABCCC2E8E974}"
EndProject
Project("{FAE04EC0-301F-11D3-BF4B-00C04F79EFBC}") = "ResourceGraph.Discovery", "src\ResourceGraph.Discovery\ResourceGraph.Discovery.csproj", "{3325765F-4A96-4C71-A689-1B18472E69C2}"
EndProject
Project("{FAE04EC0-301F-11D3-BF4B-00C04F79EFBC}") = "ResourceGraph.Docs", "src\ResourceGraph.Docs\ResourceGraph.Docs.csproj", "{66DEBF0C-7DB1-4571-98FD-B7E946B3F3F4}"
EndProject
Project("{FAE04EC0-301F-11D3-BF4B-00C04F79EFBC}") = "ResourceGraph.Opml", "src\ResourceGraph.Opml\ResourceGraph.Opml.csproj", "{0D9D4613-8093-442C-88C6-FB2C3F4B86BF}"
EndProject
Project("{FAE04EC0-301F-11D3-BF4B-00C04F79EFBC}") = "ResourceGraph.Presentation", "src\ResourceGraph.Presentation\ResourceGraph.Presentation.csproj", "{3B0C14CB-C7C5-4CF2-88CD-8BEE3ADA8003}"
EndProject
Project("{FAE04EC0-301F-11D3-BF4B-00C04F79EFBC}") = "ResourceGraph.Reader", "src\ResourceGraph.Reader\ResourceGraph.Reader.csproj", "{D35B3CBD-A303-4E4E-B818-C6671C94E607}"
EndProject
Project("{FAE04EC0-301F-11D3-BF4B-00C04F79EFBC}") = "ResourceGraph.StandardSite", "src\ResourceGraph.StandardSite\ResourceGraph.StandardSite.csproj", "{15DBC994-579C-4B89-861E-16A09C76C32A}"
EndProject
Project("{FAE04EC0-301F-11D3-BF4B-00C04F79EFBC}") = "ResourceGraph.Syndication", "src\ResourceGraph.Syndication\ResourceGraph.Syndication.csproj", "{C110A223-963C-415B-8D3F-1BE711C4AA8D}"
EndProject
Project("{2150E333-8FDC-42A3-9474-1A3956D46DE8}") = "tests", "tests", "{0AB3BF05-4346-4AA6-1389-037BE0695223}"
EndProject
Project("{FAE04EC0-301F-11D3-BF4B-00C04F79EFBC}") = "ResourceGraph.Bootstrap.Tests", "tests\ResourceGraph.Bootstrap.Tests\ResourceGraph.Bootstrap.Tests.csproj", "{79967214-0320-4391-93E7-E2DCD173B750}"
EndProject
Global
	GlobalSection(SolutionConfigurationPlatforms) = preSolution
		Debug|Any CPU = Debug|Any CPU
		Debug|x64 = Debug|x64
		Debug|x86 = Debug|x86
		Release|Any CPU = Release|Any CPU
		Release|x64 = Release|x64
		Release|x86 = Release|x86
	EndGlobalSection
	GlobalSection(ProjectConfigurationPlatforms) = postSolution
		{51F0EADA-8A4B-494E-AD7F-7C84C8E55F5C}.Debug|Any CPU.ActiveCfg = Debug|Any CPU
		{51F0EADA-8A4B-494E-AD7F-7C84C8E55F5C}.Debug|Any CPU.Build.0 = Debug|Any CPU
		{51F0EADA-8A4B-494E-AD7F-7C84C8E55F5C}.Debug|x64.ActiveCfg = Debug|Any CPU
		{51F0EADA-8A4B-494E-AD7F-7C84C8E55F5C}.Debug|x64.Build.0 = Debug|Any CPU
		{51F0EADA-8A4B-494E-AD7F-7C84C8E55F5C}.Debug|x86.ActiveCfg = Debug|Any CPU
		{51F0EADA-8A4B-494E-AD7F-7C84C8E55F5C}.Debug|x86.Build.0 = Debug|Any CPU
		{51F0EADA-8A4B-494E-AD7F-7C84C8E55F5C}.Release|Any CPU.ActiveCfg = Release|Any CPU
		{51F0EADA-8A4B-494E-AD7F-7C84C8E55F5C}.Release|Any CPU.Build.0 = Release|Any CPU
		{51F0EADA-8A4B-494E-AD7F-7C84C8E55F5C}.Release|x64.ActiveCfg = Release|Any CPU
		{51F0EADA-8A4B-494E-AD7F-7C84C8E55F5C}.Release|x64.Build.0 = Release|Any CPU
		{51F0EADA-8A4B-494E-AD7F-7C84C8E55F5C}.Release|x86.ActiveCfg = Release|Any CPU
		{51F0EADA-8A4B-494E-AD7F-7C84C8E55F5C}.Release|x86.Build.0 = Release|Any CPU
		{1323C9F5-4ABF-4F62-9676-CD17CAB1532A}.Debug|Any CPU.ActiveCfg = Debug|Any CPU
		{1323C9F5-4ABF-4F62-9676-CD17CAB1532A}.Debug|Any CPU.Build.0 = Debug|Any CPU
		{1323C9F5-4ABF-4F62-9676-CD17CAB1532A}.Debug|x64.ActiveCfg = Debug|Any CPU
		{1323C9F5-4ABF-4F62-9676-CD17CAB1532A}.Debug|x64.Build.0 = Debug|Any CPU
		{1323C9F5-4ABF-4F62-9676-CD17CAB1532A}.Debug|x86.ActiveCfg = Debug|Any CPU
		{1323C9F5-4ABF-4F62-9676-CD17CAB1532A}.Debug|x86.Build.0 = Debug|Any CPU
		{1323C9F5-4ABF-4F62-9676-CD17CAB1532A}.Release|Any CPU.ActiveCfg = Release|Any CPU
		{1323C9F5-4ABF-4F62-9676-CD17CAB1532A}.Release|Any CPU.Build.0 = Release|Any CPU
		{1323C9F5-4ABF-4F62-9676-CD17CAB1532A}.Release|x64.ActiveCfg = Release|Any CPU
		{1323C9F5-4ABF-4F62-9676-CD17CAB1532A}.Release|x64.Build.0 = Release|Any CPU
		{1323C9F5-4ABF-4F62-9676-CD17CAB1532A}.Release|x86.ActiveCfg = Release|Any CPU
		{1323C9F5-4ABF-4F62-9676-CD17CAB1532A}.Release|x86.Build.0 = Release|Any CPU
		{F693AEC9-0101-4722-81E7-826ED61FC483}.Debug|Any CPU.ActiveCfg = Debug|Any CPU
		{F693AEC9-0101-4722-81E7-826ED61FC483}.Debug|Any CPU.Build.0 = Debug|Any CPU
		{F693AEC9-0101-4722-81E7-826ED61FC483}.Debug|x64.ActiveCfg = Debug|Any CPU
		{F693AEC9-0101-4722-81E7-826ED61FC483}.Debug|x64.Build.0 = Debug|Any CPU
		{F693AEC9-0101-4722-81E7-826ED61FC483}.Debug|x86.ActiveCfg = Debug|Any CPU
		{F693AEC9-0101-4722-81E7-826ED61FC483}.Debug|x86.Build.0 = Debug|Any CPU
		{F693AEC9-0101-4722-81E7-826ED61FC483}.Release|Any CPU.ActiveCfg = Release|Any CPU
		{F693AEC9-0101-4722-81E7-826ED61FC483}.Release|Any CPU.Build.0 = Release|Any CPU
		{F693AEC9-0101-4722-81E7-826ED61FC483}.Release|x64.ActiveCfg = Release|Any CPU
		{F693AEC9-0101-4722-81E7-826ED61FC483}.Release|x64.Build.0 = Release|Any CPU
		{F693AEC9-0101-4722-81E7-826ED61FC483}.Release|x86.ActiveCfg = Release|Any CPU
		{F693AEC9-0101-4722-81E7-826ED61FC483}.Release|x86.Build.0 = Release|Any CPU
		{5FAF9FBC-9A28-450B-9F3B-987E61CF9BFB}.Debug|Any CPU.ActiveCfg = Debug|Any CPU
		{5FAF9FBC-9A28-450B-9F3B-987E61CF9BFB}.Debug|Any CPU.Build.0 = Debug|Any CPU
		{5FAF9FBC-9A28-450B-9F3B-987E61CF9BFB}.Debug|x64.ActiveCfg = Debug|Any CPU
		{5FAF9FBC-9A28-450B-9F3B-987E61CF9BFB}.Debug|x64.Build.0 = Debug|Any CPU
		{5FAF9FBC-9A28-450B-9F3B-987E61CF9BFB}.Debug|x86.ActiveCfg = Debug|Any CPU
		{5FAF9FBC-9A28-450B-9F3B-987E61CF9BFB}.Debug|x86.Build.0 = Debug|Any CPU
		{5FAF9FBC-9A28-450B-9F3B-987E61CF9BFB}.Release|Any CPU.ActiveCfg = Release|Any CPU
		{5FAF9FBC-9A28-450B-9F3B-987E61CF9BFB}.Release|Any CPU.Build.0 = Release|Any CPU
		{5FAF9FBC-9A28-450B-9F3B-987E61CF9BFB}.Release|x64.ActiveCfg = Release|Any CPU
		{5FAF9FBC-9A28-450B-9F3B-987E61CF9BFB}.Release|x64.Build.0 = Release|Any CPU
		{5FAF9FBC-9A28-450B-9F3B-987E61CF9BFB}.Release|x86.ActiveCfg = Release|Any CPU
		{5FAF9FBC-9A28-450B-9F3B-987E61CF9BFB}.Release|x86.Build.0 = Release|Any CPU
		{A57D6B9C-5BBB-4651-BBF1-51DFAC79A968}.Debug|Any CPU.ActiveCfg = Debug|Any CPU
		{A57D6B9C-5BBB-4651-BBF1-51DFAC79A968}.Debug|Any CPU.Build.0 = Debug|Any CPU
		{A57D6B9C-5BBB-4651-BBF1-51DFAC79A968}.Debug|x64.ActiveCfg = Debug|Any CPU
		{A57D6B9C-5BBB-4651-BBF1-51DFAC79A968}.Debug|x64.Build.0 = Debug|Any CPU
		{A57D6B9C-5BBB-4651-BBF1-51DFAC79A968}.Debug|x86.ActiveCfg = Debug|Any CPU
		{A57D6B9C-5BBB-4651-BBF1-51DFAC79A968}.Debug|x86.Build.0 = Debug|Any CPU
		{A57D6B9C-5BBB-4651-BBF1-51DFAC79A968}.Release|Any CPU.ActiveCfg = Release|Any CPU
		{A57D6B9C-5BBB-4651-BBF1-51DFAC79A968}.Release|Any CPU.Build.0 = Release|Any CPU
		{A57D6B9C-5BBB-4651-BBF1-51DFAC79A968}.Release|x64.ActiveCfg = Release|Any CPU
		{A57D6B9C-5BBB-4651-BBF1-51DFAC79A968}.Release|x64.Build.0 = Release|Any CPU
		{A57D6B9C-5BBB-4651-BBF1-51DFAC79A968}.Release|x86.ActiveCfg = Release|Any CPU
		{A57D6B9C-5BBB-4651-BBF1-51DFAC79A968}.Release|x86.Build.0 = Release|Any CPU
		{26F0BB60-B67D-4FD1-A35D-9C42BDA79BBB}.Debug|Any CPU.ActiveCfg = Debug|Any CPU
		{26F0BB60-B67D-4FD1-A35D-9C42BDA79BBB}.Debug|Any CPU.Build.0 = Debug|Any CPU
		{26F0BB60-B67D-4FD1-A35D-9C42BDA79BBB}.Debug|x64.ActiveCfg = Debug|Any CPU
		{26F0BB60-B67D-4FD1-A35D-9C42BDA79BBB}.Debug|x64.Build.0 = Debug|Any CPU
		{26F0BB60-B67D-4FD1-A35D-9C42BDA79BBB}.Debug|x86.ActiveCfg = Debug|Any CPU
		{26F0BB60-B67D-4FD1-A35D-9C42BDA79BBB}.Debug|x86.Build.0 = Debug|Any CPU
		{26F0BB60-B67D-4FD1-A35D-9C42BDA79BBB}.Release|Any CPU.ActiveCfg = Release|Any CPU
		{26F0BB60-B67D-4FD1-A35D-9C42BDA79BBB}.Release|Any CPU.Build.0 = Release|Any CPU
		{26F0BB60-B67D-4FD1-A35D-9C42BDA79BBB}.Release|x64.ActiveCfg = Release|Any CPU
		{26F0BB60-B67D-4FD1-A35D-9C42BDA79BBB}.Release|x64.Build.0 = Release|Any CPU
		{26F0BB60-B67D-4FD1-A35D-9C42BDA79BBB}.Release|x86.ActiveCfg = Release|Any CPU
		{26F0BB60-B67D-4FD1-A35D-9C42BDA79BBB}.Release|x86.Build.0 = Release|Any CPU
		{1AE657AA-11DF-4EC4-BA8F-ABCCC2E8E974}.Debug|Any CPU.ActiveCfg = Debug|Any CPU
		{1AE657AA-11DF-4EC4-BA8F-ABCCC2E8E974}.Debug|Any CPU.Build.0 = Debug|Any CPU
		{1AE657AA-11DF-4EC4-BA8F-ABCCC2E8E974}.Debug|x64.ActiveCfg = Debug|Any CPU
		{1AE657AA-11DF-4EC4-BA8F-ABCCC2E8E974}.Debug|x64.Build.0 = Debug|Any CPU
		{1AE657AA-11DF-4EC4-BA8F-ABCCC2E8E974}.Debug|x86.ActiveCfg = Debug|Any CPU
		{1AE657AA-11DF-4EC4-BA8F-ABCCC2E8E974}.Debug|x86.Build.0 = Debug|Any CPU
		{1AE657AA-11DF-4EC4-BA8F-ABCCC2E8E974}.Release|Any CPU.ActiveCfg = Release|Any CPU
		{1AE657AA-11DF-4EC4-BA8F-ABCCC2E8E974}.Release|Any CPU.Build.0 = Release|Any CPU
		{1AE657AA-11DF-4EC4-BA8F-ABCCC2E8E974}.Release|x64.ActiveCfg = Release|Any CPU
		{1AE657AA-11DF-4EC4-BA8F-ABCCC2E8E974}.Release|x64.Build.0 = Release|Any CPU
		{1AE657AA-11DF-4EC4-BA8F-ABCCC2E8E974}.Release|x86.ActiveCfg = Release|Any CPU
		{1AE657AA-11DF-4EC4-BA8F-ABCCC2E8E974}.Release|x86.Build.0 = Release|Any CPU
		{3325765F-4A96-4C71-A689-1B18472E69C2}.Debug|Any CPU.ActiveCfg = Debug|Any CPU
		{3325765F-4A96-4C71-A689-1B18472E69C2}.Debug|Any CPU.Build.0 = Debug|Any CPU
		{3325765F-4A96-4C71-A689-1B18472E69C2}.Debug|x64.ActiveCfg = Debug|Any CPU
		{3325765F-4A96-4C71-A689-1B18472E69C2}.Debug|x64.Build.0 = Debug|Any CPU
		{3325765F-4A96-4C71-A689-1B18472E69C2}.Debug|x86.ActiveCfg = Debug|Any CPU
		{3325765F-4A96-4C71-A689-1B18472E69C2}.Debug|x86.Build.0 = Debug|Any CPU
		{3325765F-4A96-4C71-A689-1B18472E69C2}.Release|Any CPU.ActiveCfg = Release|Any CPU
		{3325765F-4A96-4C71-A689-1B18472E69C2}.Release|Any CPU.Build.0 = Release|Any CPU
		{3325765F-4A96-4C71-A689-1B18472E69C2}.Release|x64.ActiveCfg = Release|Any CPU
		{3325765F-4A96-4C71-A689-1B18472E69C2}.Release|x64.Build.0 = Release|Any CPU
		{3325765F-4A96-4C71-A689-1B18472E69C2}.Release|x86.ActiveCfg = Release|Any CPU
		{3325765F-4A96-4C71-A689-1B18472E69C2}.Release|x86.Build.0 = Release|Any CPU
		{66DEBF0C-7DB1-4571-98FD-B7E946B3F3F4}.Debug|Any CPU.ActiveCfg = Debug|Any CPU
		{66DEBF0C-7DB1-4571-98FD-B7E946B3F3F4}.Debug|Any CPU.Build.0 = Debug|Any CPU
		{66DEBF0C-7DB1-4571-98FD-B7E946B3F3F4}.Debug|x64.ActiveCfg = Debug|Any CPU
		{66DEBF0C-7DB1-4571-98FD-B7E946B3F3F4}.Debug|x64.Build.0 = Debug|Any CPU
		{66DEBF0C-7DB1-4571-98FD-B7E946B3F3F4}.Debug|x86.ActiveCfg = Debug|Any CPU
		{66DEBF0C-7DB1-4571-98FD-B7E946B3F3F4}.Debug|x86.Build.0 = Debug|Any CPU
		{66DEBF0C-7DB1-4571-98FD-B7E946B3F3F4}.Release|Any CPU.ActiveCfg = Release|Any CPU
		{66DEBF0C-7DB1-4571-98FD-B7E946B3F3F4}.Release|Any CPU.Build.0 = Release|Any CPU
		{66DEBF0C-7DB1-4571-98FD-B7E946B3F3F4}.Release|x64.ActiveCfg = Release|Any CPU
		{66DEBF0C-7DB1-4571-98FD-B7E946B3F3F4}.Release|x64.Build.0 = Release|Any CPU
		{66DEBF0C-7DB1-4571-98FD-B7E946B3F3F4}.Release|x86.ActiveCfg = Release|Any CPU
		{66DEBF0C-7DB1-4571-98FD-B7E946B3F3F4}.Release|x86.Build.0 = Release|Any CPU
		{0D9D4613-8093-442C-88C6-FB2C3F4B86BF}.Debug|Any CPU.ActiveCfg = Debug|Any CPU
		{0D9D4613-8093-442C-88C6-FB2C3F4B86BF}.Debug|Any CPU.Build.0 = Debug|Any CPU
		{0D9D4613-8093-442C-88C6-FB2C3F4B86BF}.Debug|x64.ActiveCfg = Debug|Any CPU
		{0D9D4613-8093-442C-88C6-FB2C3F4B86BF}.Debug|x64.Build.0 = Debug|Any CPU
		{0D9D4613-8093-442C-88C6-FB2C3F4B86BF}.Debug|x86.ActiveCfg = Debug|Any CPU
		{0D9D4613-8093-442C-88C6-FB2C3F4B86BF}.Debug|x86.Build.0 = Debug|Any CPU
		{0D9D4613-8093-442C-88C6-FB2C3F4B86BF}.Release|Any CPU.ActiveCfg = Release|Any CPU
		{0D9D4613-8093-442C-88C6-FB2C3F4B86BF}.Release|Any CPU.Build.0 = Release|Any CPU
		{0D9D4613-8093-442C-88C6-FB2C3F4B86BF}.Release|x64.ActiveCfg = Release|Any CPU
		{0D9D4613-8093-442C-88C6-FB2C3F4B86BF}.Release|x64.Build.0 = Release|Any CPU
		{0D9D4613-8093-442C-88C6-FB2C3F4B86BF}.Release|x86.ActiveCfg = Release|Any CPU
		{0D9D4613-8093-442C-88C6-FB2C3F4B86BF}.Release|x86.Build.0 = Release|Any CPU
		{3B0C14CB-C7C5-4CF2-88CD-8BEE3ADA8003}.Debug|Any CPU.ActiveCfg = Debug|Any CPU
		{3B0C14CB-C7C5-4CF2-88CD-8BEE3ADA8003}.Debug|Any CPU.Build.0 = Debug|Any CPU
		{3B0C14CB-C7C5-4CF2-88CD-8BEE3ADA8003}.Debug|x64.ActiveCfg = Debug|Any CPU
		{3B0C14CB-C7C5-4CF2-88CD-8BEE3ADA8003}.Debug|x64.Build.0 = Debug|Any CPU
		{3B0C14CB-C7C5-4CF2-88CD-8BEE3ADA8003}.Debug|x86.ActiveCfg = Debug|Any CPU
		{3B0C14CB-C7C5-4CF2-88CD-8BEE3ADA8003}.Debug|x86.Build.0 = Debug|Any CPU
		{3B0C14CB-C7C5-4CF2-88CD-8BEE3ADA8003}.Release|Any CPU.ActiveCfg = Release|Any CPU
		{3B0C14CB-C7C5-4CF2-88CD-8BEE3ADA8003}.Release|Any CPU.Build.0 = Release|Any CPU
		{3B0C14CB-C7C5-4CF2-88CD-8BEE3ADA8003}.Release|x64.ActiveCfg = Release|Any CPU
		{3B0C14CB-C7C5-4CF2-88CD-8BEE3ADA8003}.Release|x64.Build.0 = Release|Any CPU
		{3B0C14CB-C7C5-4CF2-88CD-8BEE3ADA8003}.Release|x86.ActiveCfg = Release|Any CPU
		{3B0C14CB-C7C5-4CF2-88CD-8BEE3ADA8003}.Release|x86.Build.0 = Release|Any CPU
		{D35B3CBD-A303-4E4E-B818-C6671C94E607}.Debug|Any CPU.ActiveCfg = Debug|Any CPU
		{D35B3CBD-A303-4E4E-B818-C6671C94E607}.Debug|Any CPU.Build.0 = Debug|Any CPU
		{D35B3CBD-A303-4E4E-B818-C6671C94E607}.Debug|x64.ActiveCfg = Debug|Any CPU
		{D35B3CBD-A303-4E4E-B818-C6671C94E607}.Debug|x64.Build.0 = Debug|Any CPU
		{D35B3CBD-A303-4E4E-B818-C6671C94E607}.Debug|x86.ActiveCfg = Debug|Any CPU
		{D35B3CBD-A303-4E4E-B818-C6671C94E607}.Debug|x86.Build.0 = Debug|Any CPU
		{D35B3CBD-A303-4E4E-B818-C6671C94E607}.Release|Any CPU.ActiveCfg = Release|Any CPU
		{D35B3CBD-A303-4E4E-B818-C6671C94E607}.Release|Any CPU.Build.0 = Release|Any CPU
		{D35B3CBD-A303-4E4E-B818-C6671C94E607}.Release|x64.ActiveCfg = Release|Any CPU
		{D35B3CBD-A303-4E4E-B818-C6671C94E607}.Release|x64.Build.0 = Release|Any CPU
		{D35B3CBD-A303-4E4E-B818-C6671C94E607}.Release|x86.ActiveCfg = Release|Any CPU
		{D35B3CBD-A303-4E4E-B818-C6671C94E607}.Release|x86.Build.0 = Release|Any CPU
		{15DBC994-579C-4B89-861E-16A09C76C32A}.Debug|Any CPU.ActiveCfg = Debug|Any CPU
		{15DBC994-579C-4B89-861E-16A09C76C32A}.Debug|Any CPU.Build.0 = Debug|Any CPU
		{15DBC994-579C-4B89-861E-16A09C76C32A}.Debug|x64.ActiveCfg = Debug|Any CPU
		{15DBC994-579C-4B89-861E-16A09C76C32A}.Debug|x64.Build.0 = Debug|Any CPU
		{15DBC994-579C-4B89-861E-16A09C76C32A}.Debug|x86.ActiveCfg = Debug|Any CPU
		{15DBC994-579C-4B89-861E-16A09C76C32A}.Debug|x86.Build.0 = Debug|Any CPU
		{15DBC994-579C-4B89-861E-16A09C76C32A}.Release|Any CPU.ActiveCfg = Release|Any CPU
		{15DBC994-579C-4B89-861E-16A09C76C32A}.Release|Any CPU.Build.0 = Release|Any CPU
		{15DBC994-579C-4B89-861E-16A09C76C32A}.Release|x64.ActiveCfg = Release|Any CPU
		{15DBC994-579C-4B89-861E-16A09C76C32A}.Release|x64.Build.0 = Release|Any CPU
		{15DBC994-579C-4B89-861E-16A09C76C32A}.Release|x86.ActiveCfg = Release|Any CPU
		{15DBC994-579C-4B89-861E-16A09C76C32A}.Release|x86.Build.0 = Release|Any CPU
		{C110A223-963C-415B-8D3F-1BE711C4AA8D}.Debug|Any CPU.ActiveCfg = Debug|Any CPU
		{C110A223-963C-415B-8D3F-1BE711C4AA8D}.Debug|Any CPU.Build.0 = Debug|Any CPU
		{C110A223-963C-415B-8D3F-1BE711C4AA8D}.Debug|x64.ActiveCfg = Debug|Any CPU
		{C110A223-963C-415B-8D3F-1BE711C4AA8D}.Debug|x64.Build.0 = Debug|Any CPU
		{C110A223-963C-415B-8D3F-1BE711C4AA8D}.Debug|x86.ActiveCfg = Debug|Any CPU
		{C110A223-963C-415B-8D3F-1BE711C4AA8D}.Debug|x86.Build.0 = Debug|Any CPU
		{C110A223-963C-415B-8D3F-1BE711C4AA8D}.Release|Any CPU.ActiveCfg = Release|Any CPU
		{C110A223-963C-415B-8D3F-1BE711C4AA8D}.Release|Any CPU.Build.0 = Release|Any CPU
		{C110A223-963C-415B-8D3F-1BE711C4AA8D}.Release|x64.ActiveCfg = Release|Any CPU
		{C110A223-963C-415B-8D3F-1BE711C4AA8D}.Release|x64.Build.0 = Release|Any CPU
		{C110A223-963C-415B-8D3F-1BE711C4AA8D}.Release|x86.ActiveCfg = Release|Any CPU
		{C110A223-963C-415B-8D3F-1BE711C4AA8D}.Release|x86.Build.0 = Release|Any CPU
		{79967214-0320-4391-93E7-E2DCD173B750}.Debug|Any CPU.ActiveCfg = Debug|Any CPU
		{79967214-0320-4391-93E7-E2DCD173B750}.Debug|Any CPU.Build.0 = Debug|Any CPU
		{79967214-0320-4391-93E7-E2DCD173B750}.Debug|x64.ActiveCfg = Debug|Any CPU
		{79967214-0320-4391-93E7-E2DCD173B750}.Debug|x64.Build.0 = Debug|Any CPU
		{79967214-0320-4391-93E7-E2DCD173B750}.Debug|x86.ActiveCfg = Debug|Any CPU
		{79967214-0320-4391-93E7-E2DCD173B750}.Debug|x86.Build.0 = Debug|Any CPU
		{79967214-0320-4391-93E7-E2DCD173B750}.Release|Any CPU.ActiveCfg = Release|Any CPU
		{79967214-0320-4391-93E7-E2DCD173B750}.Release|Any CPU.Build.0 = Release|Any CPU
		{79967214-0320-4391-93E7-E2DCD173B750}.Release|x64.ActiveCfg = Release|Any CPU
		{79967214-0320-4391-93E7-E2DCD173B750}.Release|x64.Build.0 = Release|Any CPU
		{79967214-0320-4391-93E7-E2DCD173B750}.Release|x86.ActiveCfg = Release|Any CPU
		{79967214-0320-4391-93E7-E2DCD173B750}.Release|x86.Build.0 = Release|Any CPU
	EndGlobalSection
	GlobalSection(SolutionProperties) = preSolution
		HideSolutionNode = FALSE
	EndGlobalSection
	GlobalSection(NestedProjects) = preSolution
		{51F0EADA-8A4B-494E-AD7F-7C84C8E55F5C} = {827E0CD3-B72D-47B6-A68D-7590B98EB39B}
		{1323C9F5-4ABF-4F62-9676-CD17CAB1532A} = {827E0CD3-B72D-47B6-A68D-7590B98EB39B}
		{F693AEC9-0101-4722-81E7-826ED61FC483} = {827E0CD3-B72D-47B6-A68D-7590B98EB39B}
		{5FAF9FBC-9A28-450B-9F3B-987E61CF9BFB} = {827E0CD3-B72D-47B6-A68D-7590B98EB39B}
		{A57D6B9C-5BBB-4651-BBF1-51DFAC79A968} = {827E0CD3-B72D-47B6-A68D-7590B98EB39B}
		{26F0BB60-B67D-4FD1-A35D-9C42BDA79BBB} = {827E0CD3-B72D-47B6-A68D-7590B98EB39B}
		{1AE657AA-11DF-4EC4-BA8F-ABCCC2E8E974} = {827E0CD3-B72D-47B6-A68D-7590B98EB39B}
		{3325765F-4A96-4C71-A689-1B18472E69C2} = {827E0CD3-B72D-47B6-A68D-7590B98EB39B}
		{66DEBF0C-7DB1-4571-98FD-B7E946B3F3F4} = {827E0CD3-B72D-47B6-A68D-7590B98EB39B}
		{0D9D4613-8093-442C-88C6-FB2C3F4B86BF} = {827E0CD3-B72D-47B6-A68D-7590B98EB39B}
		{3B0C14CB-C7C5-4CF2-88CD-8BEE3ADA8003} = {827E0CD3-B72D-47B6-A68D-7590B98EB39B}
		{D35B3CBD-A303-4E4E-B818-C6671C94E607} = {827E0CD3-B72D-47B6-A68D-7590B98EB39B}
		{15DBC994-579C-4B89-861E-16A09C76C32A} = {827E0CD3-B72D-47B6-A68D-7590B98EB39B}
		{C110A223-963C-415B-8D3F-1BE711C4AA8D} = {827E0CD3-B72D-47B6-A68D-7590B98EB39B}
		{79967214-0320-4391-93E7-E2DCD173B750} = {0AB3BF05-4346-4AA6-1389-037BE0695223}
	EndGlobalSection
EndGlobal
